{
  "name": "garageremote",
  "version": "1.0.0",
  "lockfileVersion": 1,
  "requires": true,
  "dependencies": {
    "blynk-library": {
      "version": "0.4.7",
      "resolved": "https://registry.npmjs.org/blynk-library/-/blynk-library-0.4.7.tgz",
      "integrity": "sha1-zN4Di/npu1dIvEcwNr8lcB1DvY0="
    }
  }
}
